// !$*UTF8*$!
{
	archiveVersion = 1;
	classes = {
	};
	objectVersion = 46;
	objects = {

/* Begin PBXBuildFile section */
		18A202FC1BE803E5006B9E1B /* main.cpp in Sources */ = {isa = PBXBuildFile; fileRef = 18A202FB1BE803E5006B9E1B /* main.cpp */; };
		18A203041BE81293006B9E1B /* linked-list.cpp in Sources */ = {isa = PBXBuildFile; fileRef = 18A203031BE81293006B9E1B /* linked-list.cpp */; };
/* End PBXBuildFile section */

/* Begin PBXCopyFilesBuildPhase section */
		18A202F61BE803E5006B9E1B /* CopyFiles */ = {
			isa = PBXCopyFilesBuildPhase;
			buildActionMask = 2147483647;
			dstPath = /usr/share/man/man1/;
			dstSubfolderSpec = 0;
			files = (
			);
			runOnlyForDeploymentPostprocessing = 1;
		};
/* End PBXCopyFilesBuildPhase section */

/* Begin PBXFileReference section */
		18A202F81BE803E5006B9E1B /* data-structures */ = {isa = PBXFileReference; explicitFileType = "compiled.mach-o.executable"; includeInIndex = 0; path = "data-structures"; sourceTree = BUILT_PRODUCTS_DIR; };
		18A202FB1BE803E5006B9E1B /* main.cpp */ = {isa = PBXFileReference; lastKnownFileType = sourcecode.cpp.cpp; path = main.cpp; sourceTree = "<group>"; };
		18A203021BE81247006B9E1B /* linked-list.h */ = {isa = PBXFileReference; lastKnownFileType = sourcecode.c.h; path = "linked-list.h"; sourceTree = "<group>"; };
		18A203031BE81293006B9E1B /* linked-list.cpp */ = {isa = PBXFileReference; fileEncoding = 4; lastKnownFileType = sourcecode.cpp.cpp; path = "linked-list.cpp"; sourceTree = "<group>"; };
/* End PBXFileReference section */

/* Begin PBXFrameworksBuildPhase section */
		18A202F51BE803E5006B9E1B /* Frameworks */ = {
			isa = PBXFrameworksBuildPhase;
			buildActionMask = 2147483647;
			files = (
			);
			runOnlyForDeploymentPostprocessing = 0;
		};
/* End PBXFrameworksBuildPhase section */

/* Begin PBXGroup section */
		18A202EF1BE803E5006B9E1B = {
			isa = PBXGroup;
			children = (
				18A202FA1BE803E5006B9E1B /* data-structures */,
				18A202F91BE803E5006B9E1B /* Products */,
			);
			sourceTree = "<group>";
		};
		18A202F91BE803E5006B9E1B /* Products */ = {
			isa = PBXGroup;
			children = (
				18A202F81BE803E5006B9E1B /* data-structures */,
			);
			name = Products;
			sourceTree = "<group>";
		};
		18A202FA1BE803E5006B9E1B /* data-structures */ = {
			isa = PBXGroup;
			children = (
				18A202FB1BE803E5006B9E1B /* main.cpp */,
				18A203021BE81247006B9E1B /* linked-list.h */,
				18A203031BE81293006B9E1B /* linked-list.cpp */,
			);
			path = "data-structures";
			sourceTree = "<group>";
		};
/* End PBXGroup section */

/* Begin PBXNativeTarget section */
		18A202F71BE803E5006B9E1B /* data-structures */ = {
			isa = PBXNativeTarget;
			buildConfigurationList = 18A202FF1BE803E5006B9E1B /* Build configuration list for PBXNativeTarget "data-structures" */;
			buildPhases = (
				18A202F41BE803E5006B9E1B /* Sources */,
				18A202F51BE803E5006B9E1B /* Frameworks */,
				18A202F61BE803E5006B9E1B /* CopyFiles */,
			);
			buildRules = (
			);
			dependencies = (
			);
			name = "data-structures";
			productName = "data-structures";
			productReference = 18A202F81BE803E5006B9E1B /* data-structures */;
			productType = "com.apple.product-type.tool";
		};
/* End PBXNativeTarget section */

/* Begin PBXProject section */
		18A202F01BE803E5006B9E1B /* Project object */ = {
			isa = PBXProject;
			attributes = {
				LastUpgradeCheck = 0710;
				ORGANIZATIONNAME = "James Ford";
				TargetAttributes = {
					18A202F71BE803E5006B9E1B = {
						CreatedOnToolsVersion = 7.1;
					};
				};
			};
			buildConfigurationList = 18A202F31BE803E5006B9E1B /* Build configuration list for PBXProject "data-structures" */;
			compatibilityVersion = "Xcode 3.2";
			developmentRegion = English;
			hasScannedForEncodings = 0;
			knownRegions = (
				en,
			);
			mainGroup = 18A202EF1BE803E5006B9E1B;
			productRefGroup = 18A202F91BE803E5006B9E1B /* Products */;
			projectDirPath = "";
			projectRoot = "";
			targets = (
				18A202F71BE803E5006B9E1B /* data-structures */,
			);
		};
/* End PBXProject section */

/* Begin PBXSourcesBuildPhase section */
		18A202F41BE803E5006B9E1B /* Sources */ = {
			isa = PBXSourcesBuildPhase;
			buildActionMask = 2147483647;
			files = (
				18A203041BE81293006B9E1B /* linked-list.cpp in Sources */,
				18A202FC1BE803E5006B9E1B /* main.cpp in Sources */,
			);
			runOnlyForDeploymentPostprocessing = 0;
		};
/* End PBXSourcesBuildPhase section */

/* Begin XCBuildConfiguration section */
		18A202FD1BE803E5006B9E1B /* Debug */ = {
			isa = XCBuildConfiguration;
			buildSettings = {
				ALWAYS_SEARCH_USER_PATHS = NO;
				CLANG_CXX_LANGUAGE_STANDARD = "gnu++0x";
				CLANG_CXX_LIBRARY = "libc++";
				CLANG_ENABLE_MODULES = YES;
				CLANG_ENABLE_OBJC_ARC = YES;
				CLANG_WARN_BOOL_CONVERSION = YES;
				CLANG_WARN_CONSTANT_CONVERSION = YES;
				CLANG_WARN_DIRECT_OBJC_ISA_USAGE = YES_ERROR;
				CLANG_WARN_EMPTY_BODY = YES;
				CLANG_WARN_ENUM_CONVERSION = YES;
				CLANG_WARN_INT_CONVERSION = YES;
				CLANG_WARN_OBJC_ROOT_CLASS = YES_ERROR;
				CLANG_WARN_UNREACHABLE_CODE = YES;
				CLANG_WARN__DUPLICATE_METHOD_MATCH = YES;
				CODE_SIGN_IDENTITY = "-";
				COPY_PHASE_STRIP = NO;
				DEBUG_INFORMATION_FORMAT = dwarf;
				ENABLE_STRICT_OBJC_MSGSEND = YES;
				ENABLE_TESTABILITY = YES;
				GCC_C_LANGUAGE_STANDARD = gnu99;
				GCC_DYNAMIC_NO_PIC = NO;
				GCC_NO_COMMON_BLOCKS = YES;
				GCC_OPTIMIZATION_LEVEL = 0;
				GCC_PREPROCESSOR_DEFINITIONS = (
					"DEBUG=1",
					"$(inherited)",
				);
				GCC_WARN_64_TO_32_BIT_CONVERSION = YES;
				GCC_WARN_ABOUT_RETURN_TYPE = YES_ERROR;
				GCC_WARN_UNDECLARED_SELECTOR = YES;
				GCC_WARN_UNINITIALIZED_AUTOS = YES_AGGRESSIVE;
				GCC_WARN_UNUSED_FUNCTION = YES;
				GCC_WARN_UNUSED_VARIABLE = YES;
				MACOSX_DEPLOYMENT_TARGET = 10.11;
				MTL_ENABLE_DEBUG_INFO = YES;
				ONLY_ACTIVE_ARCH = YES;
				SDKROOT = macosx;
			};
			name = Debug;
		};
		18A202FE1BE803E5006B9E1B /* Release */ = {
			isa = XCBuildConfiguration;
			buildSettings = {
				ALWAYS_SEARCH_USER_PATHS = NO;
				CLANG_CXX_LANGUAGE_STANDARD = "gnu++0x";
				CLANG_CXX_LIBRARY = "libc++";
				CLANG_ENABLE_MODULES = YES;
				CLANG_ENABLE_OBJC_ARC = YES;
				CLANG_WARN_BOOL_CONVERSION = YES;
				CLANG_WARN_CONSTANT_CONVERSION = YES;
				CLANG_WARN_DIRECT_OBJC_ISA_USAGE = YES_ERROR;
				CLANG_WARN_EMPTY_BODY = YES;
				CLANG_WARN_ENUM_CONVERSION = YES;
				CLANG_WARN_INT_CONVERSION = YES;
				CLANG_WARN_OBJC_ROOT_CLASS = YES_ERROR;
				CLANG_WARN_UNREACHABLE_CODE = YES;
				CLANG_WARN__DUPLICATE_METHOD_MATCH = YES;
				CODE_SIGN_IDENTITY = "-";
				COPY_PHASE_STRIP = NO;
				DEBUG_INFORMATION_FORMAT = "dwarf-with-dsym";
				ENABLE_NS_ASSERTIONS = NO;
				ENABLE_STRICT_OBJC_MSGSEND = YES;
				GCC_C_LANGUAGE_STANDARD = gnu99;
				GCC_NO_COMMON_BLOCKS = YES;
				GCC_WARN_64_TO_32_BIT_CONVERSION = YES;
				GCC_WARN_ABOUT_RETURN_TYPE = YES_ERROR;
				GCC_WARN_UNDECLARED_SELECTOR = YES;
				GCC_WARN_UNINITIALIZED_AUTOS = YES_AGGRESSIVE;
				GCC_WARN_UNUSED_FUNCTION = YES;
				GCC_WARN_UNUSED_VARIABLE = YES;
				MACOSX_DEPLOYMENT_TARGET = 10.11;
				MTL_ENABLE_DEBUG_INFO = NO;
				SDKROOT = macosx;
			};
			name = Release;
		};
		18A203001BE803E5006B9E1B /* Debug */ = {
			isa = XCBuildConfiguration;
			buildSettings = {
				PRODUCT_NAME = "$(TARGET_NAME)";
			};
			name = Debug;
		};
		18A203011BE803E5006B9E1B /* Release */ = {
			isa = XCBuildConfiguration;
			buildSettings = {
				PRODUCT_NAME = "$(TARGET_NAME)";
			};
			name = Release;
		};
/* End XCBuildConfiguration section */

/* Begin XCConfigurationList section */
		18A202F31BE803E5006B9E1B /* Build configuration list for PBXProject "data-structures" */ = {
			isa = XCConfigurationList;
			buildConfigurations = (
				18A202FD1BE803E5006B9E1B /* Debug */,
				18A202FE1BE803E5006B9E1B /* Release */,
			);
			defaultConfigurationIsVisible = 0;
			defaultConfigurationName = Release;
		};
		18A202FF1BE803E5006B9E1B /* Build configuration list for PBXNativeTarget "data-structures" */ = {
			isa = XCConfigurationList;
			buildConfigurations = (
				18A203001BE803E5006B9E1B /* Debug */,
				18A203011BE803E5006B9E1B /* Release */,
			);
			defaultConfigurationIsVisible = 0;
		};
/* End XCConfigurationList section */
	};
	rootObject = 18A202F01BE803E5006B9E1B /* Project object */;
}
